{
  "name": "family-photo-library",
  "version": "1.0.0",
  "lockfileVersion": 1,
  "requires": true,
  "dependencies": {
    "ansi-styles": {
      "version": "0.2.0",
      "resolved": "https://registry.npmjs.org/ansi-styles/-/ansi-styles-0.2.0.tgz",
      "integrity": "sha1-NZq0sV3NZLptdHNLcsNjYKmvLBk="
    },
    "chalk": {
      "version": "0.3.0",
      "resolved": "https://registry.npmjs.org/chalk/-/chalk-0.3.0.tgz",
      "integrity": "sha1-HJhDdzfxGZ68wdTEj9Qbn5yOjyM=",
      "requires": {
        "ansi-styles": "0.2.0",
        "has-color": "0.1.7"
      }
    },
    "combine-stream": {
      "version": "0.0.4",
      "resolved": "https://registry.npmjs.org/combine-stream/-/combine-stream-0.0.4.tgz",
      "integrity": "sha1-NNGbwooVABr3h1Qkrydos2oF3R0=",
      "requires": {
        "readable-stream": "1.1.14"
      }
    },
    "core-util-is": {
      "version": "1.0.2",
      "resolved": "https://registry.npmjs.org/core-util-is/-/core-util-is-1.0.2.tgz",
      "integrity": "sha1-tf1UIgqivFq1eqtxQMlAdUUDwac="
    },
    "duplexer": {
      "version": "0.1.1",
      "resolved": "https://registry.npmjs.org/duplexer/-/duplexer-0.1.1.tgz",
      "integrity": "sha1-rOb/gIwc5mtX0ev5eXessCM0z8E="
    },
    "event-stream": {
      "version": "3.0.20",
      "resolved": "https://registry.npmjs.org/event-stream/-/event-stream-3.0.20.tgz",
      "integrity": "sha1-A4u7LqnqkDhbJvvBhU0LU58qvqM=",
      "requires": {
        "duplexer": "0.1.1",
        "from": "0.1.7",
        "map-stream": "0.0.7",
        "pause-stream": "0.0.11",
        "split": "0.2.10",
        "stream-combiner": "0.0.4",
        "through": "2.3.8"
      }
    },
    "events": {
      "version": "0.5.0",
      "resolved": "https://registry.npmjs.org/events/-/events-0.5.0.tgz",
      "integrity": "sha1-mFPOXmEyQfE+UYKhytEPKkFK8hY="
    },
    "findup-sync": {
      "version": "0.1.3",
      "resolved": "https://registry.npmjs.org/findup-sync/-/findup-sync-0.1.3.tgz",
      "integrity": "sha1-fz56l7gjksZTvwZYm9hRkOk8NoM=",
      "requires": {
        "glob": "3.2.11",
        "lodash": "2.4.2"
      }
    },
    "from": {
      "version": "0.1.7",
      "resolved": "https://registry.npmjs.org/from/-/from-0.1.7.tgz",
      "integrity": "sha1-g8YK/Fi5xWmXAH7Rp2izqzA6RP4="
    },
    "gaze": {
      "version": "0.4.3",
      "resolved": "https://registry.npmjs.org/gaze/-/gaze-0.4.3.tgz",
      "integrity": "sha1-5Tj0/15P5kj0c6l+HrslPS3hJ7U=",
      "requires": {
        "globule": "0.1.0"
      }
    },
    "glob": {
      "version": "3.2.11",
      "resolved": "https://registry.npmjs.org/glob/-/glob-3.2.11.tgz",
      "integrity": "sha1-Spc/Y1uRkPcV0QmH1cAP0oFevj0=",
      "requires": {
        "inherits": "2.0.4",
        "minimatch": "0.3.0"
      }
    },
    "glob-stream": {
      "version": "3.0.5",
      "resolved": "https://registry.npmjs.org/glob-stream/-/glob-stream-3.0.5.tgz",
      "integrity": "sha1-LvoXeeiCdlT94wIXe0thM+GTogA=",
      "requires": {
        "combine-stream": "0.0.4",
        "event-stream": "3.0.20",
        "glob": "3.2.11",
        "glob2base": "0.0.2",
        "minimatch": "0.2.14",
        "unique-stream": "0.0.3"
      },
      "dependencies": {
        "minimatch": {
          "version": "0.2.14",
          "resolved": "https://registry.npmjs.org/minimatch/-/minimatch-0.2.14.tgz",
          "integrity": "sha1-x054BXT2PG+aCQ6Q775u9TpqdWo=",
          "requires": {
            "lru-cache": "2.7.3",
            "sigmund": "1.0.1"
          }
        }
      }
    },
    "glob2base": {
      "version": "0.0.2",
      "resolved": "https://registry.npmjs.org/glob2base/-/glob2base-0.0.2.tgz",
      "integrity": "sha1-cYsKVIw/xS5KpLldF8Pnni3DjVw="
    },
    "globule": {
      "version": "0.1.0",
      "resolved": "https://registry.npmjs.org/globule/-/globule-0.1.0.tgz",
      "integrity": "sha1-2cjt3h2nnRJaFRt5UzuXhnY0auU=",
      "requires": {
        "glob": "3.1.21",
        "lodash": "1.0.2",
        "minimatch": "0.2.14"
      },
      "dependencies": {
        "glob": {
          "version": "3.1.21",
          "resolved": "https://registry.npmjs.org/glob/-/glob-3.1.21.tgz",
          "integrity": "sha1-0p4KBV3qUTj00H7UDomC6DwgZs0=",
          "requires": {
            "graceful-fs": "1.2.3",
            "inherits": "1.0.2",
            "minimatch": "0.2.14"
          }
        },
        "inherits": {
          "version": "1.0.2",
          "resolved": "https://registry.npmjs.org/inherits/-/inherits-1.0.2.tgz",
          "integrity": "sha1-ykMJ2t7mtUzAuNJH6NfHoJdb3Js="
        },
        "lodash": {
          "version": "1.0.2",
          "resolved": "https://registry.npmjs.org/lodash/-/lodash-1.0.2.tgz",
          "integrity": "sha1-j1dWDIO1n8JwvT1WG2kAQ0MOJVE="
        },
        "minimatch": {
          "version": "0.2.14",
          "resolved": "https://registry.npmjs.org/minimatch/-/minimatch-0.2.14.tgz",
          "integrity": "sha1-x054BXT2PG+aCQ6Q775u9TpqdWo=",
          "requires": {
            "lru-cache": "2.7.3",
            "sigmund": "1.0.1"
          }
        }
      }
    },
    "graceful-fs": {
      "version": "1.2.3",
      "resolved": "https://registry.npmjs.org/graceful-fs/-/graceful-fs-1.2.3.tgz",
      "integrity": "sha1-FaSAaldUfLLS2/J/QuiajDRRs2Q="
    },
    "gulp": {
      "version": "3.0.0",
      "resolved": "https://registry.npmjs.org/gulp/-/gulp-3.0.0.tgz",
      "integrity": "sha1-L6zxHf39jKItMGlSJAN0LBcSFi8=",
      "requires": {
        "event-stream": "3.0.20",
        "findup-sync": "0.1.3",
        "gaze": "0.4.3",
        "glob-stream": "3.0.5",
        "gulp-util": "1.1.1",
        "mkdirp": "0.3.5",
        "optimist": "0.6.1",
        "orchestrator": "0.1.0",
        "resolve": "0.6.3",
        "semver": "2.2.1"
      }
    },
    "gulp-util": {
      "version": "1.1.1",
      "resolved": "https://registry.npmjs.org/gulp-util/-/gulp-util-1.1.1.tgz",
      "integrity": "sha1-F1hLbbuurCpck4GfWjC6ykLSf6s=",
      "requires": {
        "chalk": "0.3.0",
        "lodash.template": "2.4.1",
        "optimist": "0.6.1"
      }
    },
    "has-color": {
      "version": "0.1.7",
      "resolved": "https://registry.npmjs.org/has-color/-/has-color-0.1.7.tgz",
      "integrity": "sha1-ZxRKUmDDT8PMpnfQQdr1L+e3iy8="
    },
    "inherits": {
      "version": "2.0.4",
      "resolved": "https://registry.npmjs.org/inherits/-/inherits-2.0.4.tgz",
      "integrity": "sha512-k/vGaX4/Yla3WzyMCvTQOXYeIHvqOKtnqBduzTHpzpQZzAskKMhZ2K+EnBiSM9zGSoIFeMpXKxa4dYeZIQqewQ=="
    },
    "isarray": {
      "version": "0.0.1",
      "resolved": "https://registry.npmjs.org/isarray/-/isarray-0.0.1.tgz",
      "integrity": "sha1-ihis/Kmo9Bd+Cav8YDiTmwXR7t8="
    },
    "lodash": {
      "version": "2.4.2",
      "resolved": "https://registry.npmjs.org/lodash/-/lodash-2.4.2.tgz",
      "integrity": "sha1-+t2DS5aDBz2hebPq5tnA0VBT9z4="
    },
    "lodash._escapehtmlchar": {
      "version": "2.4.1",
      "resolved": "https://registry.npmjs.org/lodash._escapehtmlchar/-/lodash._escapehtmlchar-2.4.1.tgz",
      "integrity": "sha1-32fDu2t+jh6DGrSL+geVuSr+iZ0=",
      "requires": {
        "lodash._htmlescapes": "2.4.1"
      }
    },
    "lodash._escapestringchar": {
      "version": "2.4.1",
      "resolved": "https://registry.npmjs.org/lodash._escapestringchar/-/lodash._escapestringchar-2.4.1.tgz",
      "integrity": "sha1-7P4iYYoq3lC/7qQ5N+Ud9m8O23I="
    },
    "lodash._htmlescapes": {
      "version": "2.4.1",
      "resolved": "https://registry.npmjs.org/lodash._htmlescapes/-/lodash._htmlescapes-2.4.1.tgz",
      "integrity": "sha1-MtFL8IRLbeb4tioFG09nwii2JMs="
    },
    "lodash._isnative": {
      "version": "2.4.1",
      "resolved": "https://registry.npmjs.org/lodash._isnative/-/lodash._isnative-2.4.1.tgz",
      "integrity": "sha1-PqZAS3hKe+g2x7V1gOHN95sUgyw="
    },
    "lodash._objecttypes": {
      "version": "2.4.1",
      "resolved": "https://registry.npmjs.org/lodash._objecttypes/-/lodash._objecttypes-2.4.1.tgz",
      "integrity": "sha1-fAt/admKH3ZSn4kLDNsbTf7BHBE="
    },
    "lodash._reinterpolate": {
      "version": "2.4.1",
      "resolved": "https://registry.npmjs.org/lodash._reinterpolate/-/lodash._reinterpolate-2.4.1.tgz",
      "integrity": "sha1-TxInqlqHEfxjL1sHofRgequLMiI="
    },
    "lodash._reunescapedhtml": {
      "version": "2.4.1",
      "resolved": "https://registry.npmjs.org/lodash._reunescapedhtml/-/lodash._reunescapedhtml-2.4.1.tgz",
      "integrity": "sha1-dHxPxAED6zu4oJduVx96JlnpO6c=",
      "requires": {
        "lodash._htmlescapes": "2.4.1",
        "lodash.keys": "2.4.1"
      }
    },
    "lodash._shimkeys": {
      "version": "2.4.1",
      "resolved": "https://registry.npmjs.org/lodash._shimkeys/-/lodash._shimkeys-2.4.1.tgz",
      "integrity": "sha1-bpzJZm/wgfC1psl4uD4kLmlJ0gM=",
      "requires": {
        "lodash._objecttypes": "2.4.1"
      }
    },
    "lodash.defaults": {
      "version": "2.4.1",
      "resolved": "https://registry.npmjs.org/lodash.defaults/-/lodash.defaults-2.4.1.tgz",
      "integrity": "sha1-p+iIXwXmiFEUS24SqPNngCa8TFQ=",
      "requires": {
        "lodash._objecttypes": "2.4.1",
        "lodash.keys": "2.4.1"
      }
    },
    "lodash.escape": {
      "version": "2.4.1",
      "resolved": "https://registry.npmjs.org/lodash.escape/-/lodash.escape-2.4.1.tgz",
      "integrity": "sha1-LOEsXghNsKV92l5dHu659dF1o7Q=",
      "requires": {
        "lodash._escapehtmlchar": "2.4.1",
        "lodash._reunescapedhtml": "2.4.1",
        "lodash.keys": "2.4.1"
      }
    },
    "lodash.isobject": {
      "version": "2.4.1",
      "resolved": "https://registry.npmjs.org/lodash.isobject/-/lodash.isobject-2.4.1.tgz",
      "integrity": "sha1-Wi5H/mmVPx7mMafrof5k0tBlWPU=",
      "requires": {
        "lodash._objecttypes": "2.4.1"
      }
    },
    "lodash.keys": {
      "version": "2.4.1",
      "resolved": "https://registry.npmjs.org/lodash.keys/-/lodash.keys-2.4.1.tgz",
      "integrity": "sha1-SN6kbfj/djKxDXBrissmWR4rNyc=",
      "requires": {
        "lodash._isnative": "2.4.1",
        "lodash._shimkeys": "2.4.1",
        "lodash.isobject": "2.4.1"
      }
    },
    "lodash.template": {
      "version": "2.4.1",
      "resolved": "https://registry.npmjs.org/lodash.template/-/lodash.template-2.4.1.tgz",
      "integrity": "sha1-nmEQB+32KRKal0qzxIuBez4c8g0=",
      "requires": {
        "lodash._escapestringchar": "2.4.1",
        "lodash._reinterpolate": "2.4.1",
        "lodash.defaults": "2.4.1",
        "lodash.escape": "2.4.1",
        "lodash.keys": "2.4.1",
        "lodash.templatesettings": "2.4.1",
        "lodash.values": "2.4.1"
      }
    },
    "lodash.templatesettings": {
      "version": "2.4.1",
      "resolved": "https://registry.npmjs.org/lodash.templatesettings/-/lodash.templatesettings-2.4.1.tgz",
      "integrity": "sha1-6nbHXRHrhtTb6JqDiTu4YZKaxpk=",
      "requires": {
        "lodash._reinterpolate": "2.4.1",
        "lodash.escape": "2.4.1"
      }
    },
    "lodash.values": {
      "version": "2.4.1",
      "resolved": "https://registry.npmjs.org/lodash.values/-/lodash.values-2.4.1.tgz",
      "integrity": "sha1-q/UUQ2s8twUAFieXjLzzCxKA7qQ=",
      "requires": {
        "lodash.keys": "2.4.1"
      }
    },
    "lru-cache": {
      "version": "2.7.3",
      "resolved": "https://registry.npmjs.org/lru-cache/-/lru-cache-2.7.3.tgz",
      "integrity": "sha1-bUUk6LlV+V1PW1iFHOId1y+06VI="
    },
    "map-stream": {
      "version": "0.0.7",
      "resolved": "https://registry.npmjs.org/map-stream/-/map-stream-0.0.7.tgz",
      "integrity": "sha1-ih8HiW2CsQkmvTdEokIACfiJdKg="
    },
    "minimatch": {
      "version": "0.3.0",
      "resolved": "https://registry.npmjs.org/minimatch/-/minimatch-0.3.0.tgz",
      "integrity": "sha1-J12O2qxPG7MyZHIInnlJyDlGmd0=",
      "requires": {
        "lru-cache": "2.7.3",
        "sigmund": "1.0.1"
      }
    },
    "minimist": {
      "version": "0.0.10",
      "resolved": "https://registry.npmjs.org/minimist/-/minimist-0.0.10.tgz",
      "integrity": "sha1-3j+YVD2/lggr5IrRoMfNqDYwHc8="
    },
    "mkdirp": {
      "version": "0.3.5",
      "resolved": "https://registry.npmjs.org/mkdirp/-/mkdirp-0.3.5.tgz",
      "integrity": "sha1-3j5fiWHIjHh+4TaN+EmsRBPsqNc="
    },
    "optimist": {
      "version": "0.6.1",
      "resolved": "https://registry.npmjs.org/optimist/-/optimist-0.6.1.tgz",
      "integrity": "sha1-2j6nRob6IaGaERwybpDrFaAZZoY=",
      "requires": {
        "minimist": "0.0.10",
        "wordwrap": "0.0.3"
      }
    },
    "orchestrator": {
      "version": "0.1.0",
      "resolved": "https://registry.npmjs.org/orchestrator/-/orchestrator-0.1.0.tgz",
      "integrity": "sha1-Eq7S1N+b+hpa5WeR/DHbKNLQPr8=",
      "requires": {
        "events": "0.5.0",
        "sequencify": "0.0.7"
      }
    },
    "pause-stream": {
      "version": "0.0.11",
      "resolved": "https://registry.npmjs.org/pause-stream/-/pause-stream-0.0.11.tgz",
      "integrity": "sha1-/lo0sMvOErWqaitAPuLnO2AvFEU=",
      "requires": {
        "through": "2.3.8"
      }
    },
    "readable-stream": {
      "version": "1.1.14",
      "resolved": "https://registry.npmjs.org/readable-stream/-/readable-stream-1.1.14.tgz",
      "integrity": "sha1-fPTFTvZI44EwhMY23SB54WbAgdk=",
      "requires": {
        "core-util-is": "1.0.2",
        "inherits": "2.0.4",
        "isarray": "0.0.1",
        "string_decoder": "0.10.31"
      }
    },
    "resolve": {
      "version": "0.6.3",
      "resolved": "https://registry.npmjs.org/resolve/-/resolve-0.6.3.tgz",
      "integrity": "sha1-3ZV5gufnNt699TtYpN2RdUV13UY="
    },
    "semver": {
      "version": "2.2.1",
      "resolved": "https://registry.npmjs.org/semver/-/semver-2.2.1.tgz",
      "integrity": "sha1-eUEYKz/8xYC/8cF5QqzfeVHA0hM="
    },
    "sequencify": {
      "version": "0.0.7",
      "resolved": "https://registry.npmjs.org/sequencify/-/sequencify-0.0.7.tgz",
      "integrity": "sha1-kM/xnQLgcCf9dn9erT57ldHnOAw="
    },
    "sigmund": {
      "version": "1.0.1",
      "resolved": "https://registry.npmjs.org/sigmund/-/sigmund-1.0.1.tgz",
      "integrity": "sha1-P/IfGYytIXX587eBhT/ZTQ0ZtZA="
    },
    "split": {
      "version": "0.2.10",
      "resolved": "https://registry.npmjs.org/split/-/split-0.2.10.tgz",
      "integrity": "sha1-Zwl8YB1pfOE2j0GPBs0gHPBSGlc=",
      "requires": {
        "through": "2.3.8"
      }
    },
    "stream-combiner": {
      "version": "0.0.4",
      "resolved": "https://registry.npmjs.org/stream-combiner/-/stream-combiner-0.0.4.tgz",
      "integrity": "sha1-TV5DPBhSYd3mI8o/RMWGvPXErRQ=",
      "requires": {
        "duplexer": "0.1.1"
      }
    },
    "string_decoder": {
      "version": "0.10.31",
      "resolved": "https://registry.npmjs.org/string_decoder/-/string_decoder-0.10.31.tgz",
      "integrity": "sha1-YuIDvEF2bGwoyfyEMB2rHFMQ+pQ="
    },
    "through": {
      "version": "2.3.8",
      "resolved": "https://registry.npmjs.org/through/-/through-2.3.8.tgz",
      "integrity": "sha1-DdTJ/6q8NXlgsbckEV1+Doai4fU="
    },
    "unique-stream": {
      "version": "0.0.3",
      "resolved": "https://registry.npmjs.org/unique-stream/-/unique-stream-0.0.3.tgz",
      "integrity": "sha1-paGdJ2RYik1gi6/1iJtaYPGMcF0="
    },
    "wordwrap": {
      "version": "0.0.3",
      "resolved": "https://registry.npmjs.org/wordwrap/-/wordwrap-0.0.3.tgz",
      "integrity": "sha1-o9XabNXAvAAI03I0u68b7WMFkQc="
    }
  }
}
